
Microsoft Visual Studio Solution File, Format Version 12.00
# Visual Studio Version 17
VisualStudioVersion = 17.12.35506.116 d17.12
MinimumVisualStudioVersion = 10.0.40219.1
Project("{FAE04EC0-301F-11D3-BF4B-00C04F79EFBC}") = "ChatClient", "ChatApp\ChatClient.csproj", "{E01E9328-F2F1-4EEE-AA3F-ECB80B2A125C}"
EndProject
Project("{FAE04EC0-301F-11D3-BF4B-00C04F79EFBC}") = "ChatServer", "ChatServer\ChatServer.csproj", "{62147C9D-24AC-459D-8134-1B884EDCE01D}"
EndProject
Global
	GlobalSection(SolutionConfigurationPlatforms) = preSolution
		Debug|Any CPU = Debug|Any CPU
		Release|Any CPU = Release|Any CPU
	EndGlobalSection
	GlobalSection(ProjectConfigurationPlatforms) = postSolution
		{E01E9328-F2F1-4EEE-AA3F-ECB80B2A125C}.Debug|Any CPU.ActiveCfg = Debug|Any CPU
		{E01E9328-F2F1-4EEE-AA3F-ECB80B2A125C}.Debug|Any CPU.Build.0 = Debug|Any CPU
		{E01E9328-F2F1-4EEE-AA3F-ECB80B2A125C}.Release|Any CPU.ActiveCfg = Release|Any CPU
		{E01E9328-F2F1-4EEE-AA3F-ECB80B2A125C}.Release|Any CPU.Build.0 = Release|Any CPU
		{62147C9D-24AC-459D-8134-1B884EDCE01D}.Debug|Any CPU.ActiveCfg = Debug|Any CPU
		{62147C9D-24AC-459D-8134-1B884EDCE01D}.Debug|Any CPU.Build.0 = Debug|Any CPU
		{62147C9D-24AC-459D-8134-1B884EDCE01D}.Release|Any CPU.ActiveCfg = Release|Any CPU
		{62147C9D-24AC-459D-8134-1B884EDCE01D}.Release|Any CPU.Build.0 = Release|Any CPU
	EndGlobalSection
	GlobalSection(SolutionProperties) = preSolution
		HideSolutionNode = FALSE
	EndGlobalSection
EndGlobal
